{
    "_readme": [
        "This file locks the dependencies of your project to a known state",
        "Read more about it at https://getcomposer.org/doc/01-basic-usage.md#installing-dependencies",
        "This file is @generated automatically"
    ],
    "content-hash": "58311068938f5d4f9b553e8e8e92e99c",
    "packages": [
        {
            "name": "cheprasov/php-redis-client",
            "version": "1.10.0",
            "source": {
                "type": "git",
                "url": "https://github.com/cheprasov/php-redis-client.git",
                "reference": "c3594e0bbc8ee1bc2c11c889ce5dfa0d3b8a6f9a"
            },
            "dist": {
                "type": "zip",
                "url": "https://api.github.com/repos/cheprasov/php-redis-client/zipball/c3594e0bbc8ee1bc2c11c889ce5dfa0d3b8a6f9a",
                "reference": "c3594e0bbc8ee1bc2c11c889ce5dfa0d3b8a6f9a",
                "shasum": ""
            },
            "require": {
                "php": ">=5.5"
            },
            "require-dev": {
                "cheprasov/php-extra-mocks": "^1.0.0",
                "phpunit/phpunit": "4.8.*"
            },
            "type": "library",
            "autoload": {
                "psr-0": {
                    "RedisClient\\": "src"
                }
            },
            "notification-url": "https://packagist.org/downloads/",
            "license": [
                "MIT"
            ],
            "authors": [
                {
                    "name": "Alexander Cheprasov",
                    "email": "acheprasov84@gmail.com"
                }
            ],
            "description": "Php client for Redis. It is a fast, fully-functional and user-friendly client for Redis, optimized for performance. RedisClient supports the latest versions of Redis starting from 2.6 to 6.0",
            "homepage": "http://github.com/cheprasov/php-redis-client",
            "support": {
                "issues": "https://github.com/cheprasov/php-redis-client/issues",
                "source": "https://github.com/cheprasov/php-redis-client/tree/v1.10.0"
            },
            "time": "2020-06-20T13:05:24+00:00"
        }
    ],
    "packages-dev": [],
    "aliases": [],
    "minimum-stability": "stable",
    "stability-flags": [],
    "prefer-stable": false,
    "prefer-lowest": false,
    "platform": [],
    "platform-dev": [],
    "plugin-api-version": "2.0.0"
}
